{
  "originHash" : "df595fb7774d2639f6f978d4f8b90ef6351cb874066e3999ff3bd6f6a6fa9b2f",
  "pins" : [
    {
      "identity" : "clanimatedtabview",
      "kind" : "remoteSourceControl",
      "location" : "https://github.com/cjlarsen/CLAnimatedTabView",
      "state" : {
        "branch" : "dev",
        "revision" : "7b905896137fde0ad67c311f24dd256f27fa305f"
      }
    }
  ],
  "version" : 3
}
